
Microsoft Visual Studio Solution File, Format Version 12.00
# Visual Studio Version 17
VisualStudioVersion = 17.9.34407.89
MinimumVisualStudioVersion = 10.0.40219.1
Project("{9A19103F-16F7-4668-BE54-9A1E7A4F7556}") = "TechnoService", "TechnoService\TechnoService.csproj", "{506164C4-2908-4B6B-9514-3D3786CF0575}"
EndProject
Project("{FAE04EC0-301F-11D3-BF4B-00C04F79EFBC}") = "Tests", "Test\Tests.csproj", "{55B08FF3-267D-4973-855D-BCC87BE0EBD9}"
EndProject
Project("{FAE04EC0-301F-11D3-BF4B-00C04F79EFBC}") = "TechnoServiceTests", "TechnoServiceTests\TechnoServiceTests.csproj", "{8F5FA3F2-49EB-4083-93B5-3420B138FA16}"
EndProject
Global
	GlobalSection(SolutionConfigurationPlatforms) = preSolution
		Debug|Any CPU = Debug|Any CPU
		Release|Any CPU = Release|Any CPU
	EndGlobalSection
	GlobalSection(ProjectConfigurationPlatforms) = postSolution
		{506164C4-2908-4B6B-9514-3D3786CF0575}.Debug|Any CPU.ActiveCfg = Debug|Any CPU
		{506164C4-2908-4B6B-9514-3D3786CF0575}.Debug|Any CPU.Build.0 = Debug|Any CPU
		{506164C4-2908-4B6B-9514-3D3786CF0575}.Release|Any CPU.ActiveCfg = Release|Any CPU
		{506164C4-2908-4B6B-9514-3D3786CF0575}.Release|Any CPU.Build.0 = Release|Any CPU
		{55B08FF3-267D-4973-855D-BCC87BE0EBD9}.Debug|Any CPU.ActiveCfg = Debug|Any CPU
		{55B08FF3-267D-4973-855D-BCC87BE0EBD9}.Debug|Any CPU.Build.0 = Debug|Any CPU
		{55B08FF3-267D-4973-855D-BCC87BE0EBD9}.Release|Any CPU.ActiveCfg = Release|Any CPU
		{55B08FF3-267D-4973-855D-BCC87BE0EBD9}.Release|Any CPU.Build.0 = Release|Any CPU
		{8F5FA3F2-49EB-4083-93B5-3420B138FA16}.Debug|Any CPU.ActiveCfg = Debug|Any CPU
		{8F5FA3F2-49EB-4083-93B5-3420B138FA16}.Debug|Any CPU.Build.0 = Debug|Any CPU
		{8F5FA3F2-49EB-4083-93B5-3420B138FA16}.Release|Any CPU.ActiveCfg = Release|Any CPU
		{8F5FA3F2-49EB-4083-93B5-3420B138FA16}.Release|Any CPU.Build.0 = Release|Any CPU
	EndGlobalSection
	GlobalSection(SolutionProperties) = preSolution
		HideSolutionNode = FALSE
	EndGlobalSection
	GlobalSection(ExtensibilityGlobals) = postSolution
		SolutionGuid = {367E19C8-7AA3-415B-8573-674636B9BB25}
	EndGlobalSection
EndGlobal
